
Microsoft Visual Studio Solution File, Format Version 12.00
# Visual Studio Version 16
VisualStudioVersion = 16.0.31129.286
MinimumVisualStudioVersion = 10.0.40219.1
Project("{9A19103F-16F7-4668-BE54-9A1E7A4F7556}") = "StrategyPattern", "StrategyPattern\StrategyPattern.csproj", "{330F2D7D-CA07-4C84-B9F3-A6E796DD4C45}"
EndProject
Project("{9A19103F-16F7-4668-BE54-9A1E7A4F7556}") = "SingletonPattern", "SingletonPattern\SingletonPattern.csproj", "{6CB763C2-366A-412C-86FF-CC8C256C247C}"
EndProject
Project("{FAE04EC0-301F-11D3-BF4B-00C04F79EFBC}") = "CommandPattern", "CommandPattern\CommandPattern.csproj", "{47B3E2EC-96A1-4A3A-9220-4E76A85DAF6F}"
EndProject
Project("{FAE04EC0-301F-11D3-BF4B-00C04F79EFBC}") = "BridgePattern", "BridgePattern\BridgePattern.csproj", "{852BE61D-3328-4180-8F5F-87C3C3832536}"
EndProject
Project("{FAE04EC0-301F-11D3-BF4B-00C04F79EFBC}") = "NullObject", "NullObject\NullObject.csproj", "{2F26CC29-A283-439B-884E-264CCE39A6E8}"
EndProject
Project("{FAE04EC0-301F-11D3-BF4B-00C04F79EFBC}") = "SpecificationPatttern", "SpecificationPatttern\SpecificationPatttern.csproj", "{434DB937-2775-4138-A0B4-C9D232C45505}"
EndProject
Global
	GlobalSection(SolutionConfigurationPlatforms) = preSolution
		Debug|Any CPU = Debug|Any CPU
		Release|Any CPU = Release|Any CPU
	EndGlobalSection
	GlobalSection(ProjectConfigurationPlatforms) = postSolution
		{330F2D7D-CA07-4C84-B9F3-A6E796DD4C45}.Debug|Any CPU.ActiveCfg = Debug|Any CPU
		{330F2D7D-CA07-4C84-B9F3-A6E796DD4C45}.Debug|Any CPU.Build.0 = Debug|Any CPU
		{330F2D7D-CA07-4C84-B9F3-A6E796DD4C45}.Release|Any CPU.ActiveCfg = Release|Any CPU
		{330F2D7D-CA07-4C84-B9F3-A6E796DD4C45}.Release|Any CPU.Build.0 = Release|Any CPU
		{6CB763C2-366A-412C-86FF-CC8C256C247C}.Debug|Any CPU.ActiveCfg = Debug|Any CPU
		{6CB763C2-366A-412C-86FF-CC8C256C247C}.Debug|Any CPU.Build.0 = Debug|Any CPU
		{6CB763C2-366A-412C-86FF-CC8C256C247C}.Release|Any CPU.ActiveCfg = Release|Any CPU
		{6CB763C2-366A-412C-86FF-CC8C256C247C}.Release|Any CPU.Build.0 = Release|Any CPU
		{47B3E2EC-96A1-4A3A-9220-4E76A85DAF6F}.Debug|Any CPU.ActiveCfg = Debug|Any CPU
		{47B3E2EC-96A1-4A3A-9220-4E76A85DAF6F}.Debug|Any CPU.Build.0 = Debug|Any CPU
		{47B3E2EC-96A1-4A3A-9220-4E76A85DAF6F}.Release|Any CPU.ActiveCfg = Release|Any CPU
		{47B3E2EC-96A1-4A3A-9220-4E76A85DAF6F}.Release|Any CPU.Build.0 = Release|Any CPU
		{852BE61D-3328-4180-8F5F-87C3C3832536}.Debug|Any CPU.ActiveCfg = Debug|Any CPU
		{852BE61D-3328-4180-8F5F-87C3C3832536}.Debug|Any CPU.Build.0 = Debug|Any CPU
		{852BE61D-3328-4180-8F5F-87C3C3832536}.Release|Any CPU.ActiveCfg = Release|Any CPU
		{852BE61D-3328-4180-8F5F-87C3C3832536}.Release|Any CPU.Build.0 = Release|Any CPU
		{2F26CC29-A283-439B-884E-264CCE39A6E8}.Debug|Any CPU.ActiveCfg = Debug|Any CPU
		{2F26CC29-A283-439B-884E-264CCE39A6E8}.Debug|Any CPU.Build.0 = Debug|Any CPU
		{2F26CC29-A283-439B-884E-264CCE39A6E8}.Release|Any CPU.ActiveCfg = Release|Any CPU
		{2F26CC29-A283-439B-884E-264CCE39A6E8}.Release|Any CPU.Build.0 = Release|Any CPU
		{434DB937-2775-4138-A0B4-C9D232C45505}.Debug|Any CPU.ActiveCfg = Debug|Any CPU
		{434DB937-2775-4138-A0B4-C9D232C45505}.Debug|Any CPU.Build.0 = Debug|Any CPU
		{434DB937-2775-4138-A0B4-C9D232C45505}.Release|Any CPU.ActiveCfg = Release|Any CPU
		{434DB937-2775-4138-A0B4-C9D232C45505}.Release|Any CPU.Build.0 = Release|Any CPU
	EndGlobalSection
	GlobalSection(SolutionProperties) = preSolution
		HideSolutionNode = FALSE
	EndGlobalSection
	GlobalSection(ExtensibilityGlobals) = postSolution
		SolutionGuid = {30C8CECB-1483-49CE-87F0-53B08F74DDB0}
	EndGlobalSection
EndGlobal
